
Microsoft Visual Studio Solution File, Format Version 12.00
# Visual Studio Version 17
VisualStudioVersion = 17.3.32811.315
MinimumVisualStudioVersion = 10.0.40219.1
Project("{9A19103F-16F7-4668-BE54-9A1E7A4F7556}") = "WsInterfazProcesarSms", "InterfazExternaProcesarSms\WsInterfazProcesarSms.csproj", "{E3880907-FE12-402D-BE90-45D0A9D2BE18}"
EndProject
Project("{9A19103F-16F7-4668-BE54-9A1E7A4F7556}") = "WsInterfazProcesarSms.Log", "WsInterfazProcesarSms.Log\WsInterfazProcesarSms.Log.csproj", "{AC163CB8-E4DD-4EFB-B0BA-928CBA90E20B}"
EndProject
Project("{9A19103F-16F7-4668-BE54-9A1E7A4F7556}") = "WsInterfazProcesarSms.Model", "WsInterfazProcesarSms.Model\WsInterfazProcesarSms.Model.csproj", "{1C2A185E-F9AD-4608-AF10-38F7B2F5B644}"
EndProject
Project("{9A19103F-16F7-4668-BE54-9A1E7A4F7556}") = "WsInterfazProcesarSms.Neg", "WsInterfazProcesarSms.Neg\WsInterfazProcesarSms.Neg.csproj", "{E307D192-C60E-4A1D-BB6B-68DFD8452471}"
EndProject
Global
	GlobalSection(SolutionConfigurationPlatforms) = preSolution
		Debug|Any CPU = Debug|Any CPU
		Release|Any CPU = Release|Any CPU
	EndGlobalSection
	GlobalSection(ProjectConfigurationPlatforms) = postSolution
		{E3880907-FE12-402D-BE90-45D0A9D2BE18}.Debug|Any CPU.ActiveCfg = Debug|Any CPU
		{E3880907-FE12-402D-BE90-45D0A9D2BE18}.Debug|Any CPU.Build.0 = Debug|Any CPU
		{E3880907-FE12-402D-BE90-45D0A9D2BE18}.Release|Any CPU.ActiveCfg = Release|Any CPU
		{E3880907-FE12-402D-BE90-45D0A9D2BE18}.Release|Any CPU.Build.0 = Release|Any CPU
		{AC163CB8-E4DD-4EFB-B0BA-928CBA90E20B}.Debug|Any CPU.ActiveCfg = Debug|Any CPU
		{AC163CB8-E4DD-4EFB-B0BA-928CBA90E20B}.Debug|Any CPU.Build.0 = Debug|Any CPU
		{AC163CB8-E4DD-4EFB-B0BA-928CBA90E20B}.Release|Any CPU.ActiveCfg = Release|Any CPU
		{AC163CB8-E4DD-4EFB-B0BA-928CBA90E20B}.Release|Any CPU.Build.0 = Release|Any CPU
		{1C2A185E-F9AD-4608-AF10-38F7B2F5B644}.Debug|Any CPU.ActiveCfg = Debug|Any CPU
		{1C2A185E-F9AD-4608-AF10-38F7B2F5B644}.Debug|Any CPU.Build.0 = Debug|Any CPU
		{1C2A185E-F9AD-4608-AF10-38F7B2F5B644}.Release|Any CPU.ActiveCfg = Release|Any CPU
		{1C2A185E-F9AD-4608-AF10-38F7B2F5B644}.Release|Any CPU.Build.0 = Release|Any CPU
		{E307D192-C60E-4A1D-BB6B-68DFD8452471}.Debug|Any CPU.ActiveCfg = Debug|Any CPU
		{E307D192-C60E-4A1D-BB6B-68DFD8452471}.Debug|Any CPU.Build.0 = Debug|Any CPU
		{E307D192-C60E-4A1D-BB6B-68DFD8452471}.Release|Any CPU.ActiveCfg = Release|Any CPU
		{E307D192-C60E-4A1D-BB6B-68DFD8452471}.Release|Any CPU.Build.0 = Release|Any CPU
	EndGlobalSection
	GlobalSection(SolutionProperties) = preSolution
		HideSolutionNode = FALSE
	EndGlobalSection
	GlobalSection(ExtensibilityGlobals) = postSolution
		SolutionGuid = {82428D1D-7F53-4551-8308-D729273D488D}
	EndGlobalSection
EndGlobal
